
Microsoft Visual Studio Solution File, Format Version 12.00
# Visual Studio Version 16
VisualStudioVersion = 16.0.31321.278
MinimumVisualStudioVersion = 10.0.40219.1
Project("{FAE04EC0-301F-11D3-BF4B-00C04F79EFBC}") = "ProductionManagement", "ProductionManagement.csproj", "{D94A4C6A-83E4-4B6C-8B84-F9704F928824}"
EndProject
Global
	GlobalSection(SolutionConfigurationPlatforms) = preSolution
		Debug|Any CPU = Debug|Any CPU
		Release|Any CPU = Release|Any CPU
	EndGlobalSection
	GlobalSection(ProjectConfigurationPlatforms) = postSolution
		{D94A4C6A-83E4-4B6C-8B84-F9704F928824}.Debug|Any CPU.ActiveCfg = Debug|Any CPU
		{D94A4C6A-83E4-4B6C-8B84-F9704F928824}.Debug|Any CPU.Build.0 = Debug|Any CPU
		{D94A4C6A-83E4-4B6C-8B84-F9704F928824}.Release|Any CPU.ActiveCfg = Release|Any CPU
		{D94A4C6A-83E4-4B6C-8B84-F9704F928824}.Release|Any CPU.Build.0 = Release|Any CPU
	EndGlobalSection
	GlobalSection(SolutionProperties) = preSolution
		HideSolutionNode = FALSE
	EndGlobalSection
	GlobalSection(ExtensibilityGlobals) = postSolution
		SolutionGuid = {FBB23A15-891F-4F6B-8642-B3A1457931EC}
	EndGlobalSection
EndGlobal
